
Microsoft Visual Studio Solution File, Format Version 12.00
# Visual Studio Version 17
VisualStudioVersion = 17.7.34018.315
MinimumVisualStudioVersion = 10.0.40219.1
Project("{FAE04EC0-301F-11D3-BF4B-00C04F79EFBC}") = "Kap 3 Uppgift 3.9", "Kap 3 Uppgift 3.9\Kap 3 Uppgift 3.9.csproj", "{DD12768B-58F8-41E4-9AE4-87BEFA4C005E}"
EndProject
Global
	GlobalSection(SolutionConfigurationPlatforms) = preSolution
		Debug|Any CPU = Debug|Any CPU
		Release|Any CPU = Release|Any CPU
	EndGlobalSection
	GlobalSection(ProjectConfigurationPlatforms) = postSolution
		{DD12768B-58F8-41E4-9AE4-87BEFA4C005E}.Debug|Any CPU.ActiveCfg = Debug|Any CPU
		{DD12768B-58F8-41E4-9AE4-87BEFA4C005E}.Debug|Any CPU.Build.0 = Debug|Any CPU
		{DD12768B-58F8-41E4-9AE4-87BEFA4C005E}.Release|Any CPU.ActiveCfg = Release|Any CPU
		{DD12768B-58F8-41E4-9AE4-87BEFA4C005E}.Release|Any CPU.Build.0 = Release|Any CPU
	EndGlobalSection
	GlobalSection(SolutionProperties) = preSolution
		HideSolutionNode = FALSE
	EndGlobalSection
	GlobalSection(ExtensibilityGlobals) = postSolution
		SolutionGuid = {30C0F767-C335-40A3-8DBE-EA349E25BAB9}
	EndGlobalSection
EndGlobal
